
Microsoft Visual Studio Solution File, Format Version 12.00
# Visual Studio Version 17
VisualStudioVersion = 17.5.33530.505
MinimumVisualStudioVersion = 10.0.40219.1
Project("{FAE04EC0-301F-11D3-BF4B-00C04F79EFBC}") = "CalculatorC#", "CalculatorC#\CalculatorC#.csproj", "{602DD8FC-EBF7-49AA-9641-CAAB1F000E9C}"
EndProject
Global
	GlobalSection(SolutionConfigurationPlatforms) = preSolution
		Debug|Any CPU = Debug|Any CPU
		Release|Any CPU = Release|Any CPU
	EndGlobalSection
	GlobalSection(ProjectConfigurationPlatforms) = postSolution
		{602DD8FC-EBF7-49AA-9641-CAAB1F000E9C}.Debug|Any CPU.ActiveCfg = Debug|Any CPU
		{602DD8FC-EBF7-49AA-9641-CAAB1F000E9C}.Debug|Any CPU.Build.0 = Debug|Any CPU
		{602DD8FC-EBF7-49AA-9641-CAAB1F000E9C}.Release|Any CPU.ActiveCfg = Release|Any CPU
		{602DD8FC-EBF7-49AA-9641-CAAB1F000E9C}.Release|Any CPU.Build.0 = Release|Any CPU
	EndGlobalSection
	GlobalSection(SolutionProperties) = preSolution
		HideSolutionNode = FALSE
	EndGlobalSection
	GlobalSection(ExtensibilityGlobals) = postSolution
		SolutionGuid = {9BE20737-ED86-4EF2-8D3B-88DE417EC80A}
	EndGlobalSection
EndGlobal
